
Microsoft Visual Studio Solution File, Format Version 12.00
# Visual Studio 15
VisualStudioVersion = 15.0.27004.2009
MinimumVisualStudioVersion = 10.0.40219.1
Project("{8BC9CEB8-8B4A-11D0-8D11-00A0C91BC942}") = "TentaJan", "TentaJan\TentaJan.vcxproj", "{FAE11344-3508-456D-BF20-963BF161124C}"
EndProject
Global
	GlobalSection(SolutionConfigurationPlatforms) = preSolution
		Debug|x64 = Debug|x64
		Debug|x86 = Debug|x86
		Release|x64 = Release|x64
		Release|x86 = Release|x86
	EndGlobalSection
	GlobalSection(ProjectConfigurationPlatforms) = postSolution
		{FAE11344-3508-456D-BF20-963BF161124C}.Debug|x64.ActiveCfg = Debug|x64
		{FAE11344-3508-456D-BF20-963BF161124C}.Debug|x64.Build.0 = Debug|x64
		{FAE11344-3508-456D-BF20-963BF161124C}.Debug|x86.ActiveCfg = Debug|Win32
		{FAE11344-3508-456D-BF20-963BF161124C}.Debug|x86.Build.0 = Debug|Win32
		{FAE11344-3508-456D-BF20-963BF161124C}.Release|x64.ActiveCfg = Release|x64
		{FAE11344-3508-456D-BF20-963BF161124C}.Release|x64.Build.0 = Release|x64
		{FAE11344-3508-456D-BF20-963BF161124C}.Release|x86.ActiveCfg = Release|Win32
		{FAE11344-3508-456D-BF20-963BF161124C}.Release|x86.Build.0 = Release|Win32
	EndGlobalSection
	GlobalSection(SolutionProperties) = preSolution
		HideSolutionNode = FALSE
	EndGlobalSection
	GlobalSection(ExtensibilityGlobals) = postSolution
		SolutionGuid = {187405D8-0391-4889-B2C7-652BF2DD8599}
	EndGlobalSection
EndGlobal
