
Microsoft Visual Studio Solution File, Format Version 12.00
# Visual Studio 15
VisualStudioVersion = 15.0.26730.12
MinimumVisualStudioVersion = 10.0.40219.1
Project("{8BC9CEB8-8B4A-11D0-8D11-00A0C91BC942}") = "HengingManMain", "HengingManMain\HengingManMain.vcxproj", "{A02D4EE6-6771-4ECE-9C1A-F327BADE9D13}"
EndProject
Global
	GlobalSection(SolutionConfigurationPlatforms) = preSolution
		Debug|x64 = Debug|x64
		Debug|x86 = Debug|x86
		Release|x64 = Release|x64
		Release|x86 = Release|x86
	EndGlobalSection
	GlobalSection(ProjectConfigurationPlatforms) = postSolution
		{A02D4EE6-6771-4ECE-9C1A-F327BADE9D13}.Debug|x64.ActiveCfg = Debug|x64
		{A02D4EE6-6771-4ECE-9C1A-F327BADE9D13}.Debug|x64.Build.0 = Debug|x64
		{A02D4EE6-6771-4ECE-9C1A-F327BADE9D13}.Debug|x86.ActiveCfg = Debug|Win32
		{A02D4EE6-6771-4ECE-9C1A-F327BADE9D13}.Debug|x86.Build.0 = Debug|Win32
		{A02D4EE6-6771-4ECE-9C1A-F327BADE9D13}.Release|x64.ActiveCfg = Release|x64
		{A02D4EE6-6771-4ECE-9C1A-F327BADE9D13}.Release|x64.Build.0 = Release|x64
		{A02D4EE6-6771-4ECE-9C1A-F327BADE9D13}.Release|x86.ActiveCfg = Release|Win32
		{A02D4EE6-6771-4ECE-9C1A-F327BADE9D13}.Release|x86.Build.0 = Release|Win32
	EndGlobalSection
	GlobalSection(SolutionProperties) = preSolution
		HideSolutionNode = FALSE
	EndGlobalSection
	GlobalSection(ExtensibilityGlobals) = postSolution
		SolutionGuid = {7488D805-D27C-4EF9-9056-F73FA8FC7790}
	EndGlobalSection
EndGlobal
